// !$*UTF8*$!
{
	archiveVersion = 1;
	classes = {
	};
	objectVersion = 46;
	objects = {

/* Begin PBXBuildFile section */
		07DE6E761ED7528F000C4FF4 /* main.swift in Sources */ = {isa = PBXBuildFile; fileRef = 07DE6E751ED7528F000C4FF4 /* main.swift */; };
		07DE6E7D1ED7588D000C4FF4 /* SwiftyJSON.swift in Sources */ = {isa = PBXBuildFile; fileRef = 07DE6E7C1ED7588D000C4FF4 /* SwiftyJSON.swift */; };
		07DE6E7F1ED75915000C4FF4 /* DBDumpFileReader.swift in Sources */ = {isa = PBXBuildFile; fileRef = 07DE6E7E1ED75915000C4FF4 /* DBDumpFileReader.swift */; };
		07DE6E811ED826BE000C4FF4 /* DBDumpLoader.swift in Sources */ = {isa = PBXBuildFile; fileRef = 07DE6E801ED826BE000C4FF4 /* DBDumpLoader.swift */; };
		07DE6E831ED8A7FF000C4FF4 /* Game.swift in Sources */ = {isa = PBXBuildFile; fileRef = 07DE6E821ED8A7FF000C4FF4 /* Game.swift */; };
		07DE6E851ED8A9D8000C4FF4 /* Word.swift in Sources */ = {isa = PBXBuildFile; fileRef = 07DE6E841ED8A9D8000C4FF4 /* Word.swift */; };
		07DE6E871ED8ABE4000C4FF4 /* Player.swift in Sources */ = {isa = PBXBuildFile; fileRef = 07DE6E861ED8ABE4000C4FF4 /* Player.swift */; };
		07DE6E891ED8AC7D000C4FF4 /* Team.swift in Sources */ = {isa = PBXBuildFile; fileRef = 07DE6E881ED8AC7D000C4FF4 /* Team.swift */; };
		07DE6E8B1ED8AF58000C4FF4 /* Round.swift in Sources */ = {isa = PBXBuildFile; fileRef = 07DE6E8A1ED8AF58000C4FF4 /* Round.swift */; };
		07DE6E8D1ED8B06A000C4FF4 /* Settings.swift in Sources */ = {isa = PBXBuildFile; fileRef = 07DE6E8C1ED8B06A000C4FF4 /* Settings.swift */; };
		07DE6E8F1ED8B0FF000C4FF4 /* RoundWord.swift in Sources */ = {isa = PBXBuildFile; fileRef = 07DE6E8E1ED8B0FF000C4FF4 /* RoundWord.swift */; };
		07DE6E911ED8B14E000C4FF4 /* GuessingState.swift in Sources */ = {isa = PBXBuildFile; fileRef = 07DE6E901ED8B14E000C4FF4 /* GuessingState.swift */; };
		07DE6E931ED9F9E8000C4FF4 /* WordPopularity.swift in Sources */ = {isa = PBXBuildFile; fileRef = 07DE6E921ED9F9E8000C4FF4 /* WordPopularity.swift */; };
		07DE6E951EDA122C000C4FF4 /* WordGuessTime.swift in Sources */ = {isa = PBXBuildFile; fileRef = 07DE6E941EDA122C000C4FF4 /* WordGuessTime.swift */; };
		07DE6E971EDAC403000C4FF4 /* WordLevelAverageTime.swift in Sources */ = {isa = PBXBuildFile; fileRef = 07DE6E961EDAC403000C4FF4 /* WordLevelAverageTime.swift */; };
		07DE6E9B1EDE0E36000C4FF4 /* StageAnalyzer.swift in Sources */ = {isa = PBXBuildFile; fileRef = 07DE6E9A1EDE0E36000C4FF4 /* StageAnalyzer.swift */; };
/* End PBXBuildFile section */

/* Begin PBXCopyFilesBuildPhase section */
		07DE6E701ED7528F000C4FF4 /* CopyFiles */ = {
			isa = PBXCopyFilesBuildPhase;
			buildActionMask = 2147483647;
			dstPath = /usr/share/man/man1/;
			dstSubfolderSpec = 0;
			files = (
			);
			runOnlyForDeploymentPostprocessing = 1;
		};
/* End PBXCopyFilesBuildPhase section */

/* Begin PBXFileReference section */
		07DE6E721ED7528F000C4FF4 /* HatStat */ = {isa = PBXFileReference; explicitFileType = "compiled.mach-o.executable"; includeInIndex = 0; path = HatStat; sourceTree = BUILT_PRODUCTS_DIR; };
		07DE6E751ED7528F000C4FF4 /* main.swift */ = {isa = PBXFileReference; lastKnownFileType = sourcecode.swift; path = main.swift; sourceTree = "<group>"; };
		07DE6E7C1ED7588D000C4FF4 /* SwiftyJSON.swift */ = {isa = PBXFileReference; fileEncoding = 4; lastKnownFileType = sourcecode.swift; path = SwiftyJSON.swift; sourceTree = "<group>"; };
		07DE6E7E1ED75915000C4FF4 /* DBDumpFileReader.swift */ = {isa = PBXFileReference; fileEncoding = 4; lastKnownFileType = sourcecode.swift; path = DBDumpFileReader.swift; sourceTree = "<group>"; };
		07DE6E801ED826BE000C4FF4 /* DBDumpLoader.swift */ = {isa = PBXFileReference; fileEncoding = 4; lastKnownFileType = sourcecode.swift; path = DBDumpLoader.swift; sourceTree = "<group>"; };
		07DE6E821ED8A7FF000C4FF4 /* Game.swift */ = {isa = PBXFileReference; fileEncoding = 4; lastKnownFileType = sourcecode.swift; path = Game.swift; sourceTree = "<group>"; };
		07DE6E841ED8A9D8000C4FF4 /* Word.swift */ = {isa = PBXFileReference; fileEncoding = 4; lastKnownFileType = sourcecode.swift; path = Word.swift; sourceTree = "<group>"; };
		07DE6E861ED8ABE4000C4FF4 /* Player.swift */ = {isa = PBXFileReference; fileEncoding = 4; lastKnownFileType = sourcecode.swift; path = Player.swift; sourceTree = "<group>"; };
		07DE6E881ED8AC7D000C4FF4 /* Team.swift */ = {isa = PBXFileReference; fileEncoding = 4; lastKnownFileType = sourcecode.swift; path = Team.swift; sourceTree = "<group>"; };
		07DE6E8A1ED8AF58000C4FF4 /* Round.swift */ = {isa = PBXFileReference; fileEncoding = 4; lastKnownFileType = sourcecode.swift; path = Round.swift; sourceTree = "<group>"; };
		07DE6E8C1ED8B06A000C4FF4 /* Settings.swift */ = {isa = PBXFileReference; fileEncoding = 4; lastKnownFileType = sourcecode.swift; path = Settings.swift; sourceTree = "<group>"; };
		07DE6E8E1ED8B0FF000C4FF4 /* RoundWord.swift */ = {isa = PBXFileReference; fileEncoding = 4; lastKnownFileType = sourcecode.swift; path = RoundWord.swift; sourceTree = "<group>"; };
		07DE6E901ED8B14E000C4FF4 /* GuessingState.swift */ = {isa = PBXFileReference; fileEncoding = 4; lastKnownFileType = sourcecode.swift; path = GuessingState.swift; sourceTree = "<group>"; };
		07DE6E921ED9F9E8000C4FF4 /* WordPopularity.swift */ = {isa = PBXFileReference; fileEncoding = 4; lastKnownFileType = sourcecode.swift; path = WordPopularity.swift; sourceTree = "<group>"; };
		07DE6E941EDA122C000C4FF4 /* WordGuessTime.swift */ = {isa = PBXFileReference; fileEncoding = 4; lastKnownFileType = sourcecode.swift; path = WordGuessTime.swift; sourceTree = "<group>"; };
		07DE6E961EDAC403000C4FF4 /* WordLevelAverageTime.swift */ = {isa = PBXFileReference; fileEncoding = 4; lastKnownFileType = sourcecode.swift; path = WordLevelAverageTime.swift; sourceTree = "<group>"; };
		07DE6E9A1EDE0E36000C4FF4 /* StageAnalyzer.swift */ = {isa = PBXFileReference; fileEncoding = 4; lastKnownFileType = sourcecode.swift; path = StageAnalyzer.swift; sourceTree = "<group>"; };
		251461574F71D40283D92351 /* Pods-HatStat.debug.xcconfig */ = {isa = PBXFileReference; includeInIndex = 1; lastKnownFileType = text.xcconfig; name = "Pods-HatStat.debug.xcconfig"; path = "Pods/Target Support Files/Pods-HatStat/Pods-HatStat.debug.xcconfig"; sourceTree = "<group>"; };
		CD95D32D072B8030F62F4AAB /* Pods-HatStat.release.xcconfig */ = {isa = PBXFileReference; includeInIndex = 1; lastKnownFileType = text.xcconfig; name = "Pods-HatStat.release.xcconfig"; path = "Pods/Target Support Files/Pods-HatStat/Pods-HatStat.release.xcconfig"; sourceTree = "<group>"; };
/* End PBXFileReference section */

/* Begin PBXFrameworksBuildPhase section */
		07DE6E6F1ED7528F000C4FF4 /* Frameworks */ = {
			isa = PBXFrameworksBuildPhase;
			buildActionMask = 2147483647;
			files = (
			);
			runOnlyForDeploymentPostprocessing = 0;
		};
/* End PBXFrameworksBuildPhase section */

/* Begin PBXGroup section */
		07DE6E691ED7528F000C4FF4 = {
			isa = PBXGroup;
			children = (
				07DE6E741ED7528F000C4FF4 /* HatStat */,
				07DE6E731ED7528F000C4FF4 /* Products */,
				228EAB55F7ABF8AB40293973 /* Pods */,
				F4C3FFCD16E1C06CBB1A1DE0 /* Frameworks */,
			);
			sourceTree = "<group>";
		};
		07DE6E731ED7528F000C4FF4 /* Products */ = {
			isa = PBXGroup;
			children = (
				07DE6E721ED7528F000C4FF4 /* HatStat */,
			);
			name = Products;
			sourceTree = "<group>";
		};
		07DE6E741ED7528F000C4FF4 /* HatStat */ = {
			isa = PBXGroup;
			children = (
				07DE6E7C1ED7588D000C4FF4 /* SwiftyJSON.swift */,
				07DE6E751ED7528F000C4FF4 /* main.swift */,
				07DE6E7E1ED75915000C4FF4 /* DBDumpFileReader.swift */,
				07DE6E801ED826BE000C4FF4 /* DBDumpLoader.swift */,
				07DE6E821ED8A7FF000C4FF4 /* Game.swift */,
				07DE6E841ED8A9D8000C4FF4 /* Word.swift */,
				07DE6E861ED8ABE4000C4FF4 /* Player.swift */,
				07DE6E881ED8AC7D000C4FF4 /* Team.swift */,
				07DE6E8A1ED8AF58000C4FF4 /* Round.swift */,
				07DE6E8C1ED8B06A000C4FF4 /* Settings.swift */,
				07DE6E8E1ED8B0FF000C4FF4 /* RoundWord.swift */,
				07DE6E901ED8B14E000C4FF4 /* GuessingState.swift */,
				07DE6E921ED9F9E8000C4FF4 /* WordPopularity.swift */,
				07DE6E941EDA122C000C4FF4 /* WordGuessTime.swift */,
				07DE6E961EDAC403000C4FF4 /* WordLevelAverageTime.swift */,
				07DE6E9A1EDE0E36000C4FF4 /* StageAnalyzer.swift */,
			);
			path = HatStat;
			sourceTree = "<group>";
		};
		228EAB55F7ABF8AB40293973 /* Pods */ = {
			isa = PBXGroup;
			children = (
				251461574F71D40283D92351 /* Pods-HatStat.debug.xcconfig */,
				CD95D32D072B8030F62F4AAB /* Pods-HatStat.release.xcconfig */,
			);
			name = Pods;
			sourceTree = "<group>";
		};
		F4C3FFCD16E1C06CBB1A1DE0 /* Frameworks */ = {
			isa = PBXGroup;
			children = (
			);
			name = Frameworks;
			sourceTree = "<group>";
		};
/* End PBXGroup section */

/* Begin PBXNativeTarget section */
		07DE6E711ED7528F000C4FF4 /* HatStat */ = {
			isa = PBXNativeTarget;
			buildConfigurationList = 07DE6E791ED7528F000C4FF4 /* Build configuration list for PBXNativeTarget "HatStat" */;
			buildPhases = (
				07DE6E6E1ED7528F000C4FF4 /* Sources */,
				07DE6E6F1ED7528F000C4FF4 /* Frameworks */,
				07DE6E701ED7528F000C4FF4 /* CopyFiles */,
			);
			buildRules = (
			);
			dependencies = (
			);
			name = HatStat;
			productName = HatStat;
			productReference = 07DE6E721ED7528F000C4FF4 /* HatStat */;
			productType = "com.apple.product-type.tool";
		};
/* End PBXNativeTarget section */

/* Begin PBXProject section */
		07DE6E6A1ED7528F000C4FF4 /* Project object */ = {
			isa = PBXProject;
			attributes = {
				LastSwiftUpdateCheck = 0830;
				LastUpgradeCheck = 0830;
				ORGANIZATIONNAME = Pigowl;
				TargetAttributes = {
					07DE6E711ED7528F000C4FF4 = {
						CreatedOnToolsVersion = 8.3.2;
						DevelopmentTeam = 4GXW7T6UYJ;
						ProvisioningStyle = Automatic;
					};
				};
			};
			buildConfigurationList = 07DE6E6D1ED7528F000C4FF4 /* Build configuration list for PBXProject "HatStat" */;
			compatibilityVersion = "Xcode 3.2";
			developmentRegion = English;
			hasScannedForEncodings = 0;
			knownRegions = (
				en,
			);
			mainGroup = 07DE6E691ED7528F000C4FF4;
			productRefGroup = 07DE6E731ED7528F000C4FF4 /* Products */;
			projectDirPath = "";
			projectRoot = "";
			targets = (
				07DE6E711ED7528F000C4FF4 /* HatStat */,
			);
		};
/* End PBXProject section */

/* Begin PBXSourcesBuildPhase section */
		07DE6E6E1ED7528F000C4FF4 /* Sources */ = {
			isa = PBXSourcesBuildPhase;
			buildActionMask = 2147483647;
			files = (
				07DE6E811ED826BE000C4FF4 /* DBDumpLoader.swift in Sources */,
				07DE6E971EDAC403000C4FF4 /* WordLevelAverageTime.swift in Sources */,
				07DE6E8B1ED8AF58000C4FF4 /* Round.swift in Sources */,
				07DE6E931ED9F9E8000C4FF4 /* WordPopularity.swift in Sources */,
				07DE6E831ED8A7FF000C4FF4 /* Game.swift in Sources */,
				07DE6E761ED7528F000C4FF4 /* main.swift in Sources */,
				07DE6E8D1ED8B06A000C4FF4 /* Settings.swift in Sources */,
				07DE6E8F1ED8B0FF000C4FF4 /* RoundWord.swift in Sources */,
				07DE6E9B1EDE0E36000C4FF4 /* StageAnalyzer.swift in Sources */,
				07DE6E7F1ED75915000C4FF4 /* DBDumpFileReader.swift in Sources */,
				07DE6E891ED8AC7D000C4FF4 /* Team.swift in Sources */,
				07DE6E911ED8B14E000C4FF4 /* GuessingState.swift in Sources */,
				07DE6E951EDA122C000C4FF4 /* WordGuessTime.swift in Sources */,
				07DE6E871ED8ABE4000C4FF4 /* Player.swift in Sources */,
				07DE6E7D1ED7588D000C4FF4 /* SwiftyJSON.swift in Sources */,
				07DE6E851ED8A9D8000C4FF4 /* Word.swift in Sources */,
			);
			runOnlyForDeploymentPostprocessing = 0;
		};
/* End PBXSourcesBuildPhase section */

/* Begin XCBuildConfiguration section */
		07DE6E771ED7528F000C4FF4 /* Debug */ = {
			isa = XCBuildConfiguration;
			buildSettings = {
				ALWAYS_SEARCH_USER_PATHS = NO;
				CLANG_ANALYZER_NONNULL = YES;
				CLANG_ANALYZER_NUMBER_OBJECT_CONVERSION = YES_AGGRESSIVE;
				CLANG_CXX_LANGUAGE_STANDARD = "gnu++0x";
				CLANG_CXX_LIBRARY = "libc++";
				CLANG_ENABLE_MODULES = YES;
				CLANG_ENABLE_OBJC_ARC = YES;
				CLANG_WARN_BOOL_CONVERSION = YES;
				CLANG_WARN_CONSTANT_CONVERSION = YES;
				CLANG_WARN_DIRECT_OBJC_ISA_USAGE = YES_ERROR;
				CLANG_WARN_DOCUMENTATION_COMMENTS = YES;
				CLANG_WARN_EMPTY_BODY = YES;
				CLANG_WARN_ENUM_CONVERSION = YES;
				CLANG_WARN_INFINITE_RECURSION = YES;
				CLANG_WARN_INT_CONVERSION = YES;
				CLANG_WARN_OBJC_ROOT_CLASS = YES_ERROR;
				CLANG_WARN_SUSPICIOUS_MOVE = YES;
				CLANG_WARN_UNREACHABLE_CODE = YES;
				CLANG_WARN__DUPLICATE_METHOD_MATCH = YES;
				CODE_SIGN_IDENTITY = "-";
				COPY_PHASE_STRIP = NO;
				DEBUG_INFORMATION_FORMAT = dwarf;
				ENABLE_STRICT_OBJC_MSGSEND = YES;
				ENABLE_TESTABILITY = YES;
				GCC_C_LANGUAGE_STANDARD = gnu99;
				GCC_DYNAMIC_NO_PIC = NO;
				GCC_NO_COMMON_BLOCKS = YES;
				GCC_OPTIMIZATION_LEVEL = 0;
				GCC_PREPROCESSOR_DEFINITIONS = (
					"DEBUG=1",
					"$(inherited)",
				);
				GCC_WARN_64_TO_32_BIT_CONVERSION = YES;
				GCC_WARN_ABOUT_RETURN_TYPE = YES_ERROR;
				GCC_WARN_UNDECLARED_SELECTOR = YES;
				GCC_WARN_UNINITIALIZED_AUTOS = YES_AGGRESSIVE;
				GCC_WARN_UNUSED_FUNCTION = YES;
				GCC_WARN_UNUSED_VARIABLE = YES;
				MACOSX_DEPLOYMENT_TARGET = 10.12;
				MTL_ENABLE_DEBUG_INFO = YES;
				ONLY_ACTIVE_ARCH = YES;
				SDKROOT = macosx;
				SWIFT_OPTIMIZATION_LEVEL = "-Onone";
			};
			name = Debug;
		};
		07DE6E781ED7528F000C4FF4 /* Release */ = {
			isa = XCBuildConfiguration;
			buildSettings = {
				ALWAYS_SEARCH_USER_PATHS = NO;
				CLANG_ANALYZER_NONNULL = YES;
				CLANG_ANALYZER_NUMBER_OBJECT_CONVERSION = YES_AGGRESSIVE;
				CLANG_CXX_LANGUAGE_STANDARD = "gnu++0x";
				CLANG_CXX_LIBRARY = "libc++";
				CLANG_ENABLE_MODULES = YES;
				CLANG_ENABLE_OBJC_ARC = YES;
				CLANG_WARN_BOOL_CONVERSION = YES;
				CLANG_WARN_CONSTANT_CONVERSION = YES;
				CLANG_WARN_DIRECT_OBJC_ISA_USAGE = YES_ERROR;
				CLANG_WARN_DOCUMENTATION_COMMENTS = YES;
				CLANG_WARN_EMPTY_BODY = YES;
				CLANG_WARN_ENUM_CONVERSION = YES;
				CLANG_WARN_INFINITE_RECURSION = YES;
				CLANG_WARN_INT_CONVERSION = YES;
				CLANG_WARN_OBJC_ROOT_CLASS = YES_ERROR;
				CLANG_WARN_SUSPICIOUS_MOVE = YES;
				CLANG_WARN_UNREACHABLE_CODE = YES;
				CLANG_WARN__DUPLICATE_METHOD_MATCH = YES;
				CODE_SIGN_IDENTITY = "-";
				COPY_PHASE_STRIP = NO;
				DEBUG_INFORMATION_FORMAT = "dwarf-with-dsym";
				ENABLE_NS_ASSERTIONS = NO;
				ENABLE_STRICT_OBJC_MSGSEND = YES;
				GCC_C_LANGUAGE_STANDARD = gnu99;
				GCC_NO_COMMON_BLOCKS = YES;
				GCC_WARN_64_TO_32_BIT_CONVERSION = YES;
				GCC_WARN_ABOUT_RETURN_TYPE = YES_ERROR;
				GCC_WARN_UNDECLARED_SELECTOR = YES;
				GCC_WARN_UNINITIALIZED_AUTOS = YES_AGGRESSIVE;
				GCC_WARN_UNUSED_FUNCTION = YES;
				GCC_WARN_UNUSED_VARIABLE = YES;
				MACOSX_DEPLOYMENT_TARGET = 10.12;
				MTL_ENABLE_DEBUG_INFO = NO;
				SDKROOT = macosx;
			};
			name = Release;
		};
		07DE6E7A1ED7528F000C4FF4 /* Debug */ = {
			isa = XCBuildConfiguration;
			baseConfigurationReference = 251461574F71D40283D92351 /* Pods-HatStat.debug.xcconfig */;
			buildSettings = {
				DEVELOPMENT_TEAM = 4GXW7T6UYJ;
				PRODUCT_NAME = "$(TARGET_NAME)";
				SWIFT_VERSION = 3.0;
			};
			name = Debug;
		};
		07DE6E7B1ED7528F000C4FF4 /* Release */ = {
			isa = XCBuildConfiguration;
			baseConfigurationReference = CD95D32D072B8030F62F4AAB /* Pods-HatStat.release.xcconfig */;
			buildSettings = {
				DEVELOPMENT_TEAM = 4GXW7T6UYJ;
				PRODUCT_NAME = "$(TARGET_NAME)";
				SWIFT_VERSION = 3.0;
			};
			name = Release;
		};
/* End XCBuildConfiguration section */

/* Begin XCConfigurationList section */
		07DE6E6D1ED7528F000C4FF4 /* Build configuration list for PBXProject "HatStat" */ = {
			isa = XCConfigurationList;
			buildConfigurations = (
				07DE6E771ED7528F000C4FF4 /* Debug */,
				07DE6E781ED7528F000C4FF4 /* Release */,
			);
			defaultConfigurationIsVisible = 0;
			defaultConfigurationName = Release;
		};
		07DE6E791ED7528F000C4FF4 /* Build configuration list for PBXNativeTarget "HatStat" */ = {
			isa = XCConfigurationList;
			buildConfigurations = (
				07DE6E7A1ED7528F000C4FF4 /* Debug */,
				07DE6E7B1ED7528F000C4FF4 /* Release */,
			);
			defaultConfigurationIsVisible = 0;
			defaultConfigurationName = Release;
		};
/* End XCConfigurationList section */
	};
	rootObject = 07DE6E6A1ED7528F000C4FF4 /* Project object */;
}
